
Microsoft Visual Studio Solution File, Format Version 12.00
# Visual Studio 2013
VisualStudioVersion = 12.0.20617.1 PREVIEW
MinimumVisualStudioVersion = 10.0.40219.1
Project("{FAE04EC0-301F-11D3-BF4B-00C04F79EFBC}") = "SnippetCache.Data", "..\src\SnippetCache.Data\SnippetCache.Data.csproj", "{94EE21BA-7B14-475D-B2BE-C8993FA3AA49}"
EndProject
Project("{FAE04EC0-301F-11D3-BF4B-00C04F79EFBC}") = "SnippetCache.Model", "..\src\SnippetCache.Model\SnippetCache.Model.csproj", "{0F8E4AC4-5545-4A1F-BCEA-1C3BC33C81FB}"
EndProject
Project("{FAE04EC0-301F-11D3-BF4B-00C04F79EFBC}") = "SnippetCache.Web", "..\src\SnippetCache.Web\SnippetCache.Web.csproj", "{CC710677-5C50-4906-8493-637727D5F085}"
EndProject
Global
	GlobalSection(TeamFoundationVersionControl) = preSolution
		SccNumberOfProjects = 4
		SccEnterpriseProvider = {4CA58AB2-18FA-4F8D-95D4-32DDF27D184C}
		SccTeamFoundationServer = https://ndev.visualstudio.com/defaultcollection
		SccLocalPath0 = .
		SccProjectUniqueName1 = ..\\src\\SnippetCache.Data\\SnippetCache.Data.csproj
		SccProjectName1 = ../src/SnippetCache.Data
		SccLocalPath1 = ..\\src\\SnippetCache.Data
		SccProjectUniqueName2 = ..\\src\\SnippetCache.Model\\SnippetCache.Model.csproj
		SccProjectName2 = ../src/SnippetCache.Model
		SccLocalPath2 = ..\\src\\SnippetCache.Model
		SccProjectUniqueName3 = ..\\src\\SnippetCache.Web\\SnippetCache.Web.csproj
		SccProjectName3 = ../src/SnippetCache.Web
		SccLocalPath3 = ..\\src\\SnippetCache.Web
	EndGlobalSection
	GlobalSection(SolutionConfigurationPlatforms) = preSolution
		Debug|Any CPU = Debug|Any CPU
		Release|Any CPU = Release|Any CPU
	EndGlobalSection
	GlobalSection(ProjectConfigurationPlatforms) = postSolution
		{94EE21BA-7B14-475D-B2BE-C8993FA3AA49}.Debug|Any CPU.ActiveCfg = Debug|Any CPU
		{94EE21BA-7B14-475D-B2BE-C8993FA3AA49}.Debug|Any CPU.Build.0 = Debug|Any CPU
		{94EE21BA-7B14-475D-B2BE-C8993FA3AA49}.Release|Any CPU.ActiveCfg = Release|Any CPU
		{94EE21BA-7B14-475D-B2BE-C8993FA3AA49}.Release|Any CPU.Build.0 = Release|Any CPU
		{0F8E4AC4-5545-4A1F-BCEA-1C3BC33C81FB}.Debug|Any CPU.ActiveCfg = Debug|Any CPU
		{0F8E4AC4-5545-4A1F-BCEA-1C3BC33C81FB}.Debug|Any CPU.Build.0 = Debug|Any CPU
		{0F8E4AC4-5545-4A1F-BCEA-1C3BC33C81FB}.Release|Any CPU.ActiveCfg = Release|Any CPU
		{0F8E4AC4-5545-4A1F-BCEA-1C3BC33C81FB}.Release|Any CPU.Build.0 = Release|Any CPU
		{CC710677-5C50-4906-8493-637727D5F085}.Debug|Any CPU.ActiveCfg = Debug|Any CPU
		{CC710677-5C50-4906-8493-637727D5F085}.Debug|Any CPU.Build.0 = Debug|Any CPU
		{CC710677-5C50-4906-8493-637727D5F085}.Release|Any CPU.ActiveCfg = Release|Any CPU
		{CC710677-5C50-4906-8493-637727D5F085}.Release|Any CPU.Build.0 = Release|Any CPU
	EndGlobalSection
	GlobalSection(SolutionProperties) = preSolution
		HideSolutionNode = FALSE
	EndGlobalSection
EndGlobal
